
Microsoft Visual Studio Solution File, Format Version 12.00
# Visual Studio Version 17
VisualStudioVersion = 17.9.34607.119
MinimumVisualStudioVersion = 10.0.40219.1
Project("{FAE04EC0-301F-11D3-BF4B-00C04F79EFBC}") = "DLLibrary", "DLLibrary\DLLibrary.csproj", "{5A04F2C1-3D25-4D09-B74D-A8D8EEB4C94C}"
EndProject
Project("{FAE04EC0-301F-11D3-BF4B-00C04F79EFBC}") = "MainProgram Orlov", "MainProgram Orlov\MainProgram Orlov.csproj", "{55A7D680-2969-485C-9232-575904DBE6A7}"
EndProject
Global
	GlobalSection(SolutionConfigurationPlatforms) = preSolution
		Debug|Any CPU = Debug|Any CPU
		Release|Any CPU = Release|Any CPU
	EndGlobalSection
	GlobalSection(ProjectConfigurationPlatforms) = postSolution
		{5A04F2C1-3D25-4D09-B74D-A8D8EEB4C94C}.Debug|Any CPU.ActiveCfg = Debug|Any CPU
		{5A04F2C1-3D25-4D09-B74D-A8D8EEB4C94C}.Debug|Any CPU.Build.0 = Debug|Any CPU
		{5A04F2C1-3D25-4D09-B74D-A8D8EEB4C94C}.Release|Any CPU.ActiveCfg = Release|Any CPU
		{5A04F2C1-3D25-4D09-B74D-A8D8EEB4C94C}.Release|Any CPU.Build.0 = Release|Any CPU
		{55A7D680-2969-485C-9232-575904DBE6A7}.Debug|Any CPU.ActiveCfg = Debug|Any CPU
		{55A7D680-2969-485C-9232-575904DBE6A7}.Debug|Any CPU.Build.0 = Debug|Any CPU
		{55A7D680-2969-485C-9232-575904DBE6A7}.Release|Any CPU.ActiveCfg = Release|Any CPU
		{55A7D680-2969-485C-9232-575904DBE6A7}.Release|Any CPU.Build.0 = Release|Any CPU
	EndGlobalSection
	GlobalSection(SolutionProperties) = preSolution
		HideSolutionNode = FALSE
	EndGlobalSection
	GlobalSection(ExtensibilityGlobals) = postSolution
		SolutionGuid = {37CFD072-182F-47D5-979A-D89BFC31F16D}
	EndGlobalSection
EndGlobal
